// !$*UTF8*$!
{
	archiveVersion = 1;
	classes = {
	};
	objectVersion = 50;
	objects = {

/* Begin PBXBuildFile section */
		C38D1D76261D8F1300D9EC1C /* AppDelegate.swift in Sources */ = {isa = PBXBuildFile; fileRef = C38D1D75261D8F1300D9EC1C /* AppDelegate.swift */; };
		C38D1D81261D8F1300D9EC1C /* Main.storyboard in Resources */ = {isa = PBXBuildFile; fileRef = C38D1D7F261D8F1300D9EC1C /* Main.storyboard */; };
		C38D1D83261D8F1400D9EC1C /* Assets.xcassets in Resources */ = {isa = PBXBuildFile; fileRef = C38D1D82261D8F1400D9EC1C /* Assets.xcassets */; };
		C38D1D99261D911D00D9EC1C /* GameScene.swift in Sources */ = {isa = PBXBuildFile; fileRef = C38D1D96261D911D00D9EC1C /* GameScene.swift */; };
		C38D1D9A261D911D00D9EC1C /* GameViewController.swift in Sources */ = {isa = PBXBuildFile; fileRef = C38D1D97261D911D00D9EC1C /* GameViewController.swift */; };
		C38D1D9B261D911D00D9EC1C /* Gameplay.sks in Resources */ = {isa = PBXBuildFile; fileRef = C38D1D98261D911D00D9EC1C /* Gameplay.sks */; };
/* End PBXBuildFile section */

/* Begin PBXFileReference section */
		C38D1D72261D8F1300D9EC1C /* UdinGame.app */ = {isa = PBXFileReference; explicitFileType = wrapper.application; includeInIndex = 0; path = UdinGame.app; sourceTree = BUILT_PRODUCTS_DIR; };
		C38D1D75261D8F1300D9EC1C /* AppDelegate.swift */ = {isa = PBXFileReference; lastKnownFileType = sourcecode.swift; path = AppDelegate.swift; sourceTree = "<group>"; };
		C38D1D80261D8F1300D9EC1C /* Base */ = {isa = PBXFileReference; lastKnownFileType = file.storyboard; name = Base; path = Base.lproj/Main.storyboard; sourceTree = "<group>"; };
		C38D1D82261D8F1400D9EC1C /* Assets.xcassets */ = {isa = PBXFileReference; lastKnownFileType = folder.assetcatalog; path = Assets.xcassets; sourceTree = "<group>"; };
		C38D1D84261D8F1400D9EC1C /* Info.plist */ = {isa = PBXFileReference; lastKnownFileType = text.plist.xml; path = Info.plist; sourceTree = "<group>"; };
		C38D1D96261D911D00D9EC1C /* GameScene.swift */ = {isa = PBXFileReference; fileEncoding = 4; lastKnownFileType = sourcecode.swift; path = GameScene.swift; sourceTree = "<group>"; };
		C38D1D97261D911D00D9EC1C /* GameViewController.swift */ = {isa = PBXFileReference; fileEncoding = 4; lastKnownFileType = sourcecode.swift; path = GameViewController.swift; sourceTree = "<group>"; };
		C38D1D98261D911D00D9EC1C /* Gameplay.sks */ = {isa = PBXFileReference; lastKnownFileType = file.sks; path = Gameplay.sks; sourceTree = "<group>"; };
/* End PBXFileReference section */

/* Begin PBXFrameworksBuildPhase section */
		C38D1D6F261D8F1300D9EC1C /* Frameworks */ = {
			isa = PBXFrameworksBuildPhase;
			buildActionMask = 2147483647;
			files = (
			);
			runOnlyForDeploymentPostprocessing = 0;
		};
/* End PBXFrameworksBuildPhase section */

/* Begin PBXGroup section */
		C38D1D69261D8F1300D9EC1C = {
			isa = PBXGroup;
			children = (
				C38D1D74261D8F1300D9EC1C /* UdinGame */,
				C38D1D73261D8F1300D9EC1C /* Products */,
			);
			sourceTree = "<group>";
		};
		C38D1D73261D8F1300D9EC1C /* Products */ = {
			isa = PBXGroup;
			children = (
				C38D1D72261D8F1300D9EC1C /* UdinGame.app */,
			);
			name = Products;
			sourceTree = "<group>";
		};
		C38D1D74261D8F1300D9EC1C /* UdinGame */ = {
			isa = PBXGroup;
			children = (
				C38D1D75261D8F1300D9EC1C /* AppDelegate.swift */,
				C38D1D98261D911D00D9EC1C /* Gameplay.sks */,
				C38D1D96261D911D00D9EC1C /* GameScene.swift */,
				C38D1D97261D911D00D9EC1C /* GameViewController.swift */,
				C38D1D7F261D8F1300D9EC1C /* Main.storyboard */,
				C38D1D82261D8F1400D9EC1C /* Assets.xcassets */,
				C38D1D84261D8F1400D9EC1C /* Info.plist */,
			);
			path = UdinGame;
			sourceTree = "<group>";
		};
/* End PBXGroup section */

/* Begin PBXNativeTarget section */
		C38D1D71261D8F1300D9EC1C /* UdinGame */ = {
			isa = PBXNativeTarget;
			buildConfigurationList = C38D1D87261D8F1400D9EC1C /* Build configuration list for PBXNativeTarget "UdinGame" */;
			buildPhases = (
				C38D1D6E261D8F1300D9EC1C /* Sources */,
				C38D1D6F261D8F1300D9EC1C /* Frameworks */,
				C38D1D70261D8F1300D9EC1C /* Resources */,
			);
			buildRules = (
			);
			dependencies = (
			);
			name = UdinGame;
			productName = UdinGame;
			productReference = C38D1D72261D8F1300D9EC1C /* UdinGame.app */;
			productType = "com.apple.product-type.application";
		};
/* End PBXNativeTarget section */

/* Begin PBXProject section */
		C38D1D6A261D8F1300D9EC1C /* Project object */ = {
			isa = PBXProject;
			attributes = {
				LastSwiftUpdateCheck = 1240;
				LastUpgradeCheck = 1240;
				TargetAttributes = {
					C38D1D71261D8F1300D9EC1C = {
						CreatedOnToolsVersion = 12.4;
					};
				};
			};
			buildConfigurationList = C38D1D6D261D8F1300D9EC1C /* Build configuration list for PBXProject "UdinGame" */;
			compatibilityVersion = "Xcode 9.3";
			developmentRegion = en;
			hasScannedForEncodings = 0;
			knownRegions = (
				en,
				Base,
			);
			mainGroup = C38D1D69261D8F1300D9EC1C;
			productRefGroup = C38D1D73261D8F1300D9EC1C /* Products */;
			projectDirPath = "";
			projectRoot = "";
			targets = (
				C38D1D71261D8F1300D9EC1C /* UdinGame */,
			);
		};
/* End PBXProject section */

/* Begin PBXResourcesBuildPhase section */
		C38D1D70261D8F1300D9EC1C /* Resources */ = {
			isa = PBXResourcesBuildPhase;
			buildActionMask = 2147483647;
			files = (
				C38D1D81261D8F1300D9EC1C /* Main.storyboard in Resources */,
				C38D1D9B261D911D00D9EC1C /* Gameplay.sks in Resources */,
				C38D1D83261D8F1400D9EC1C /* Assets.xcassets in Resources */,
			);
			runOnlyForDeploymentPostprocessing = 0;
		};
/* End PBXResourcesBuildPhase section */

/* Begin PBXSourcesBuildPhase section */
		C38D1D6E261D8F1300D9EC1C /* Sources */ = {
			isa = PBXSourcesBuildPhase;
			buildActionMask = 2147483647;
			files = (
				C38D1D99261D911D00D9EC1C /* GameScene.swift in Sources */,
				C38D1D9A261D911D00D9EC1C /* GameViewController.swift in Sources */,
				C38D1D76261D8F1300D9EC1C /* AppDelegate.swift in Sources */,
			);
			runOnlyForDeploymentPostprocessing = 0;
		};
/* End PBXSourcesBuildPhase section */

/* Begin PBXVariantGroup section */
		C38D1D7F261D8F1300D9EC1C /* Main.storyboard */ = {
			isa = PBXVariantGroup;
			children = (
				C38D1D80261D8F1300D9EC1C /* Base */,
			);
			name = Main.storyboard;
			sourceTree = "<group>";
		};
/* End PBXVariantGroup section */

/* Begin XCBuildConfiguration section */
		C38D1D85261D8F1400D9EC1C /* Debug */ = {
			isa = XCBuildConfiguration;
			buildSettings = {
				ALWAYS_SEARCH_USER_PATHS = NO;
				CLANG_ANALYZER_NONNULL = YES;
				CLANG_ANALYZER_NUMBER_OBJECT_CONVERSION = YES_AGGRESSIVE;
				CLANG_CXX_LANGUAGE_STANDARD = "gnu++14";
				CLANG_CXX_LIBRARY = "libc++";
				CLANG_ENABLE_MODULES = YES;
				CLANG_ENABLE_OBJC_ARC = YES;
				CLANG_ENABLE_OBJC_WEAK = YES;
				CLANG_WARN_BLOCK_CAPTURE_AUTORELEASING = YES;
				CLANG_WARN_BOOL_CONVERSION = YES;
				CLANG_WARN_COMMA = YES;
				CLANG_WARN_CONSTANT_CONVERSION = YES;
				CLANG_WARN_DEPRECATED_OBJC_IMPLEMENTATIONS = YES;
				CLANG_WARN_DIRECT_OBJC_ISA_USAGE = YES_ERROR;
				CLANG_WARN_DOCUMENTATION_COMMENTS = YES;
				CLANG_WARN_EMPTY_BODY = YES;
				CLANG_WARN_ENUM_CONVERSION = YES;
				CLANG_WARN_INFINITE_RECURSION = YES;
				CLANG_WARN_INT_CONVERSION = YES;
				CLANG_WARN_NON_LITERAL_NULL_CONVERSION = YES;
				CLANG_WARN_OBJC_IMPLICIT_RETAIN_SELF = YES;
				CLANG_WARN_OBJC_LITERAL_CONVERSION = YES;
				CLANG_WARN_OBJC_ROOT_CLASS = YES_ERROR;
				CLANG_WARN_QUOTED_INCLUDE_IN_FRAMEWORK_HEADER = YES;
				CLANG_WARN_RANGE_LOOP_ANALYSIS = YES;
				CLANG_WARN_STRICT_PROTOTYPES = YES;
				CLANG_WARN_SUSPICIOUS_MOVE = YES;
				CLANG_WARN_UNGUARDED_AVAILABILITY = YES_AGGRESSIVE;
				CLANG_WARN_UNREACHABLE_CODE = YES;
				CLANG_WARN__DUPLICATE_METHOD_MATCH = YES;
				COPY_PHASE_STRIP = NO;
				DEBUG_INFORMATION_FORMAT = dwarf;
				ENABLE_STRICT_OBJC_MSGSEND = YES;
				ENABLE_TESTABILITY = YES;
				GCC_C_LANGUAGE_STANDARD = gnu11;
				GCC_DYNAMIC_NO_PIC = NO;
				GCC_NO_COMMON_BLOCKS = YES;
				GCC_OPTIMIZATION_LEVEL = 0;
				GCC_PREPROCESSOR_DEFINITIONS = (
					"DEBUG=1",
					"$(inherited)",
				);
				GCC_WARN_64_TO_32_BIT_CONVERSION = YES;
				GCC_WARN_ABOUT_RETURN_TYPE = YES_ERROR;
				GCC_WARN_UNDECLARED_SELECTOR = YES;
				GCC_WARN_UNINITIALIZED_AUTOS = YES_AGGRESSIVE;
				GCC_WARN_UNUSED_FUNCTION = YES;
				GCC_WARN_UNUSED_VARIABLE = YES;
				IPHONEOS_DEPLOYMENT_TARGET = 14.4;
				MTL_ENABLE_DEBUG_INFO = INCLUDE_SOURCE;
				MTL_FAST_MATH = YES;
				ONLY_ACTIVE_ARCH = YES;
				SDKROOT = iphoneos;
				SWIFT_ACTIVE_COMPILATION_CONDITIONS = DEBUG;
				SWIFT_OPTIMIZATION_LEVEL = "-Onone";
			};
			name = Debug;
		};
		C38D1D86261D8F1400D9EC1C /* Release */ = {
			isa = XCBuildConfiguration;
			buildSettings = {
				ALWAYS_SEARCH_USER_PATHS = NO;
				CLANG_ANALYZER_NONNULL = YES;
				CLANG_ANALYZER_NUMBER_OBJECT_CONVERSION = YES_AGGRESSIVE;
				CLANG_CXX_LANGUAGE_STANDARD = "gnu++14";
				CLANG_CXX_LIBRARY = "libc++";
				CLANG_ENABLE_MODULES = YES;
				CLANG_ENABLE_OBJC_ARC = YES;
				CLANG_ENABLE_OBJC_WEAK = YES;
				CLANG_WARN_BLOCK_CAPTURE_AUTORELEASING = YES;
				CLANG_WARN_BOOL_CONVERSION = YES;
				CLANG_WARN_COMMA = YES;
				CLANG_WARN_CONSTANT_CONVERSION = YES;
				CLANG_WARN_DEPRECATED_OBJC_IMPLEMENTATIONS = YES;
				CLANG_WARN_DIRECT_OBJC_ISA_USAGE = YES_ERROR;
				CLANG_WARN_DOCUMENTATION_COMMENTS = YES;
				CLANG_WARN_EMPTY_BODY = YES;
				CLANG_WARN_ENUM_CONVERSION = YES;
				CLANG_WARN_INFINITE_RECURSION = YES;
				CLANG_WARN_INT_CONVERSION = YES;
				CLANG_WARN_NON_LITERAL_NULL_CONVERSION = YES;
				CLANG_WARN_OBJC_IMPLICIT_RETAIN_SELF = YES;
				CLANG_WARN_OBJC_LITERAL_CONVERSION = YES;
				CLANG_WARN_OBJC_ROOT_CLASS = YES_ERROR;
				CLANG_WARN_QUOTED_INCLUDE_IN_FRAMEWORK_HEADER = YES;
				CLANG_WARN_RANGE_LOOP_ANALYSIS = YES;
				CLANG_WARN_STRICT_PROTOTYPES = YES;
				CLANG_WARN_SUSPICIOUS_MOVE = YES;
				CLANG_WARN_UNGUARDED_AVAILABILITY = YES_AGGRESSIVE;
				CLANG_WARN_UNREACHABLE_CODE = YES;
				CLANG_WARN__DUPLICATE_METHOD_MATCH = YES;
				COPY_PHASE_STRIP = NO;
				DEBUG_INFORMATION_FORMAT = "dwarf-with-dsym";
				ENABLE_NS_ASSERTIONS = NO;
				ENABLE_STRICT_OBJC_MSGSEND = YES;
				GCC_C_LANGUAGE_STANDARD = gnu11;
				GCC_NO_COMMON_BLOCKS = YES;
				GCC_WARN_64_TO_32_BIT_CONVERSION = YES;
				GCC_WARN_ABOUT_RETURN_TYPE = YES_ERROR;
				GCC_WARN_UNDECLARED_SELECTOR = YES;
				GCC_WARN_UNINITIALIZED_AUTOS = YES_AGGRESSIVE;
				GCC_WARN_UNUSED_FUNCTION = YES;
				GCC_WARN_UNUSED_VARIABLE = YES;
				IPHONEOS_DEPLOYMENT_TARGET = 14.4;
				MTL_ENABLE_DEBUG_INFO = NO;
				MTL_FAST_MATH = YES;
				SDKROOT = iphoneos;
				SWIFT_COMPILATION_MODE = wholemodule;
				SWIFT_OPTIMIZATION_LEVEL = "-O";
				VALIDATE_PRODUCT = YES;
			};
			name = Release;
		};
		C38D1D88261D8F1400D9EC1C /* Debug */ = {
			isa = XCBuildConfiguration;
			buildSettings = {
				ASSETCATALOG_COMPILER_APPICON_NAME = AppIcon;
				ASSETCATALOG_COMPILER_GLOBAL_ACCENT_COLOR_NAME = AccentColor;
				CODE_SIGN_STYLE = Automatic;
				DEVELOPMENT_TEAM = 5DY684J9X8;
				INFOPLIST_FILE = UdinGame/Info.plist;
				LD_RUNPATH_SEARCH_PATHS = (
					"$(inherited)",
					"@executable_path/Frameworks",
				);
				PRODUCT_BUNDLE_IDENTIFIER = com.appleacademyuc.UdinGame;
				PRODUCT_NAME = "$(TARGET_NAME)";
				SWIFT_VERSION = 5.0;
				TARGETED_DEVICE_FAMILY = "1,2";
			};
			name = Debug;
		};
		C38D1D89261D8F1400D9EC1C /* Release */ = {
			isa = XCBuildConfiguration;
			buildSettings = {
				ASSETCATALOG_COMPILER_APPICON_NAME = AppIcon;
				ASSETCATALOG_COMPILER_GLOBAL_ACCENT_COLOR_NAME = AccentColor;
				CODE_SIGN_STYLE = Automatic;
				DEVELOPMENT_TEAM = 5DY684J9X8;
				INFOPLIST_FILE = UdinGame/Info.plist;
				LD_RUNPATH_SEARCH_PATHS = (
					"$(inherited)",
					"@executable_path/Frameworks",
				);
				PRODUCT_BUNDLE_IDENTIFIER = com.appleacademyuc.UdinGame;
				PRODUCT_NAME = "$(TARGET_NAME)";
				SWIFT_VERSION = 5.0;
				TARGETED_DEVICE_FAMILY = "1,2";
			};
			name = Release;
		};
/* End XCBuildConfiguration section */

/* Begin XCConfigurationList section */
		C38D1D6D261D8F1300D9EC1C /* Build configuration list for PBXProject "UdinGame" */ = {
			isa = XCConfigurationList;
			buildConfigurations = (
				C38D1D85261D8F1400D9EC1C /* Debug */,
				C38D1D86261D8F1400D9EC1C /* Release */,
			);
			defaultConfigurationIsVisible = 0;
			defaultConfigurationName = Release;
		};
		C38D1D87261D8F1400D9EC1C /* Build configuration list for PBXNativeTarget "UdinGame" */ = {
			isa = XCConfigurationList;
			buildConfigurations = (
				C38D1D88261D8F1400D9EC1C /* Debug */,
				C38D1D89261D8F1400D9EC1C /* Release */,
			);
			defaultConfigurationIsVisible = 0;
			defaultConfigurationName = Release;
		};
/* End XCConfigurationList section */
	};
	rootObject = C38D1D6A261D8F1300D9EC1C /* Project object */;
}
